
Microsoft Visual Studio Solution File, Format Version 12.00
# Visual Studio Version 17
VisualStudioVersion = 17.14.35821.62
MinimumVisualStudioVersion = 10.0.40219.1
Project("{2150E333-8FDC-42A3-9474-1A3956D46DE8}") = "Solution Items", "Solution Items", "{8EC462FD-D22E-90A8-E5CE-7E832BA40C5D}"
	ProjectSection(SolutionItems) = preProject
		Directory.Packages.props = Directory.Packages.props
	EndProjectSection
EndProject
Project("{FAE04EC0-301F-11D3-BF4B-00C04F79EFBC}") = "Ossendorf.Csla.PollingCommand", "src\Ossendorf.Csla.PollingCommand\Ossendorf.Csla.PollingCommand.csproj", "{8AD515CF-B7C0-C27F-0098-3593EAB95B16}"
EndProject
Project("{FAE04EC0-301F-11D3-BF4B-00C04F79EFBC}") = "Ossendorf.Csla.PollingCommand.Tests", "tests\Ossendorf.Csla.PollingCommand.Tests\Ossendorf.Csla.PollingCommand.Tests.csproj", "{9C4B5B2F-B09B-4D22-B37F-4F688A3258CC}"
EndProject
Project("{2150E333-8FDC-42A3-9474-1A3956D46DE8}") = "Samples", "Samples", "{02EA681E-C7D8-13C7-8484-4AC65E1B71E8}"
EndProject
Project("{FAE04EC0-301F-11D3-BF4B-00C04F79EFBC}") = "Sample.Client", "Samples\Sample.Client\Sample.Client.csproj", "{B2223BAF-E283-405D-B60D-74AFBD1ADCCD}"
EndProject
Project("{FAE04EC0-301F-11D3-BF4B-00C04F79EFBC}") = "Sample.Server", "Samples\Sample.Server\Sample.Server.csproj", "{83E42224-29DE-44B5-A3D1-5AE915D2FF7A}"
EndProject
Project("{FAE04EC0-301F-11D3-BF4B-00C04F79EFBC}") = "Sample.Shared", "Samples\Sample.Shared\Sample.Shared.csproj", "{3DC59D36-8EBE-4267-AFC3-B003ADC43841}"
EndProject
Global
	GlobalSection(SolutionConfigurationPlatforms) = preSolution
		Debug|Any CPU = Debug|Any CPU
		Release|Any CPU = Release|Any CPU
	EndGlobalSection
	GlobalSection(ProjectConfigurationPlatforms) = postSolution
		{8AD515CF-B7C0-C27F-0098-3593EAB95B16}.Debug|Any CPU.ActiveCfg = Debug|Any CPU
		{8AD515CF-B7C0-C27F-0098-3593EAB95B16}.Debug|Any CPU.Build.0 = Debug|Any CPU
		{8AD515CF-B7C0-C27F-0098-3593EAB95B16}.Release|Any CPU.ActiveCfg = Release|Any CPU
		{8AD515CF-B7C0-C27F-0098-3593EAB95B16}.Release|Any CPU.Build.0 = Release|Any CPU
		{9C4B5B2F-B09B-4D22-B37F-4F688A3258CC}.Debug|Any CPU.ActiveCfg = Debug|Any CPU
		{9C4B5B2F-B09B-4D22-B37F-4F688A3258CC}.Debug|Any CPU.Build.0 = Debug|Any CPU
		{9C4B5B2F-B09B-4D22-B37F-4F688A3258CC}.Release|Any CPU.ActiveCfg = Release|Any CPU
		{9C4B5B2F-B09B-4D22-B37F-4F688A3258CC}.Release|Any CPU.Build.0 = Release|Any CPU
		{B2223BAF-E283-405D-B60D-74AFBD1ADCCD}.Debug|Any CPU.ActiveCfg = Debug|Any CPU
		{B2223BAF-E283-405D-B60D-74AFBD1ADCCD}.Debug|Any CPU.Build.0 = Debug|Any CPU
		{B2223BAF-E283-405D-B60D-74AFBD1ADCCD}.Release|Any CPU.ActiveCfg = Release|Any CPU
		{B2223BAF-E283-405D-B60D-74AFBD1ADCCD}.Release|Any CPU.Build.0 = Release|Any CPU
		{83E42224-29DE-44B5-A3D1-5AE915D2FF7A}.Debug|Any CPU.ActiveCfg = Debug|Any CPU
		{83E42224-29DE-44B5-A3D1-5AE915D2FF7A}.Debug|Any CPU.Build.0 = Debug|Any CPU
		{83E42224-29DE-44B5-A3D1-5AE915D2FF7A}.Release|Any CPU.ActiveCfg = Release|Any CPU
		{83E42224-29DE-44B5-A3D1-5AE915D2FF7A}.Release|Any CPU.Build.0 = Release|Any CPU
		{3DC59D36-8EBE-4267-AFC3-B003ADC43841}.Debug|Any CPU.ActiveCfg = Debug|Any CPU
		{3DC59D36-8EBE-4267-AFC3-B003ADC43841}.Debug|Any CPU.Build.0 = Debug|Any CPU
		{3DC59D36-8EBE-4267-AFC3-B003ADC43841}.Release|Any CPU.ActiveCfg = Release|Any CPU
		{3DC59D36-8EBE-4267-AFC3-B003ADC43841}.Release|Any CPU.Build.0 = Release|Any CPU
	EndGlobalSection
	GlobalSection(SolutionProperties) = preSolution
		HideSolutionNode = FALSE
	EndGlobalSection
	GlobalSection(NestedProjects) = preSolution
		{B2223BAF-E283-405D-B60D-74AFBD1ADCCD} = {02EA681E-C7D8-13C7-8484-4AC65E1B71E8}
		{83E42224-29DE-44B5-A3D1-5AE915D2FF7A} = {02EA681E-C7D8-13C7-8484-4AC65E1B71E8}
		{3DC59D36-8EBE-4267-AFC3-B003ADC43841} = {02EA681E-C7D8-13C7-8484-4AC65E1B71E8}
	EndGlobalSection
	GlobalSection(ExtensibilityGlobals) = postSolution
		SolutionGuid = {32549416-CB87-4B03-821B-BA437CA263BE}
	EndGlobalSection
EndGlobal
